// !$*UTF8*$!
{
	archiveVersion = 1;
	classes = {
	};
	objectVersion = 46;
	objects = {

/* Begin PBXBuildFile section */
		58BDDCDB1BFE6CFA0033E937 /* main.m in Sources */ = {isa = PBXBuildFile; fileRef = 58BDDCDA1BFE6CFA0033E937 /* main.m */; };
		58BDDCDE1BFE6CFA0033E937 /* AppDelegate.m in Sources */ = {isa = PBXBuildFile; fileRef = 58BDDCDD1BFE6CFA0033E937 /* AppDelegate.m */; };
		58BDDCE11BFE6CFA0033E937 /* ViewController.m in Sources */ = {isa = PBXBuildFile; fileRef = 58BDDCE01BFE6CFA0033E937 /* ViewController.m */; };
		58BDDCE41BFE6CFA0033E937 /* Main.storyboard in Resources */ = {isa = PBXBuildFile; fileRef = 58BDDCE21BFE6CFA0033E937 /* Main.storyboard */; };
		58BDDCE61BFE6CFA0033E937 /* Assets.xcassets in Resources */ = {isa = PBXBuildFile; fileRef = 58BDDCE51BFE6CFA0033E937 /* Assets.xcassets */; };
		58BDDCE91BFE6CFA0033E937 /* LaunchScreen.storyboard in Resources */ = {isa = PBXBuildFile; fileRef = 58BDDCE71BFE6CFA0033E937 /* LaunchScreen.storyboard */; };
		58BDDCF21BFE6D220033E937 /* Button.m in Sources */ = {isa = PBXBuildFile; fileRef = 58BDDCF11BFE6D220033E937 /* Button.m */; };
		58BDDCF51BFE7F230033E937 /* RoundedButton.m in Sources */ = {isa = PBXBuildFile; fileRef = 58BDDCF41BFE7F230033E937 /* RoundedButton.m */; };
/* End PBXBuildFile section */

/* Begin PBXFileReference section */
		58BDDCD61BFE6CFA0033E937 /* Button.app */ = {isa = PBXFileReference; explicitFileType = wrapper.application; includeInIndex = 0; path = Button.app; sourceTree = BUILT_PRODUCTS_DIR; };
		58BDDCDA1BFE6CFA0033E937 /* main.m */ = {isa = PBXFileReference; lastKnownFileType = sourcecode.c.objc; path = main.m; sourceTree = "<group>"; };
		58BDDCDC1BFE6CFA0033E937 /* AppDelegate.h */ = {isa = PBXFileReference; lastKnownFileType = sourcecode.c.h; path = AppDelegate.h; sourceTree = "<group>"; };
		58BDDCDD1BFE6CFA0033E937 /* AppDelegate.m */ = {isa = PBXFileReference; lastKnownFileType = sourcecode.c.objc; path = AppDelegate.m; sourceTree = "<group>"; };
		58BDDCDF1BFE6CFA0033E937 /* ViewController.h */ = {isa = PBXFileReference; lastKnownFileType = sourcecode.c.h; path = ViewController.h; sourceTree = "<group>"; };
		58BDDCE01BFE6CFA0033E937 /* ViewController.m */ = {isa = PBXFileReference; lastKnownFileType = sourcecode.c.objc; path = ViewController.m; sourceTree = "<group>"; };
		58BDDCE31BFE6CFA0033E937 /* Base */ = {isa = PBXFileReference; lastKnownFileType = file.storyboard; name = Base; path = Base.lproj/Main.storyboard; sourceTree = "<group>"; };
		58BDDCE51BFE6CFA0033E937 /* Assets.xcassets */ = {isa = PBXFileReference; lastKnownFileType = folder.assetcatalog; path = Assets.xcassets; sourceTree = "<group>"; };
		58BDDCE81BFE6CFA0033E937 /* Base */ = {isa = PBXFileReference; lastKnownFileType = file.storyboard; name = Base; path = Base.lproj/LaunchScreen.storyboard; sourceTree = "<group>"; };
		58BDDCEA1BFE6CFA0033E937 /* Info.plist */ = {isa = PBXFileReference; lastKnownFileType = text.plist.xml; path = Info.plist; sourceTree = "<group>"; };
		58BDDCF01BFE6D220033E937 /* Button.h */ = {isa = PBXFileReference; fileEncoding = 4; lastKnownFileType = sourcecode.c.h; path = Button.h; sourceTree = "<group>"; };
		58BDDCF11BFE6D220033E937 /* Button.m */ = {isa = PBXFileReference; fileEncoding = 4; lastKnownFileType = sourcecode.c.objc; path = Button.m; sourceTree = "<group>"; };
		58BDDCF31BFE7F230033E937 /* RoundedButton.h */ = {isa = PBXFileReference; fileEncoding = 4; lastKnownFileType = sourcecode.c.h; path = RoundedButton.h; sourceTree = "<group>"; };
		58BDDCF41BFE7F230033E937 /* RoundedButton.m */ = {isa = PBXFileReference; fileEncoding = 4; lastKnownFileType = sourcecode.c.objc; path = RoundedButton.m; sourceTree = "<group>"; };
		58BDDCF61BFE848D0033E937 /* Button+Subclassing.h */ = {isa = PBXFileReference; lastKnownFileType = sourcecode.c.h; path = "Button+Subclassing.h"; sourceTree = "<group>"; };
/* End PBXFileReference section */

/* Begin PBXFrameworksBuildPhase section */
		58BDDCD31BFE6CFA0033E937 /* Frameworks */ = {
			isa = PBXFrameworksBuildPhase;
			buildActionMask = 2147483647;
			files = (
			);
			runOnlyForDeploymentPostprocessing = 0;
		};
/* End PBXFrameworksBuildPhase section */

/* Begin PBXGroup section */
		58BDDCCD1BFE6CFA0033E937 = {
			isa = PBXGroup;
			children = (
				58BDDCD81BFE6CFA0033E937 /* Button */,
				58BDDCD71BFE6CFA0033E937 /* Products */,
			);
			sourceTree = "<group>";
		};
		58BDDCD71BFE6CFA0033E937 /* Products */ = {
			isa = PBXGroup;
			children = (
				58BDDCD61BFE6CFA0033E937 /* Button.app */,
			);
			name = Products;
			sourceTree = "<group>";
		};
		58BDDCD81BFE6CFA0033E937 /* Button */ = {
			isa = PBXGroup;
			children = (
				58BDDCDC1BFE6CFA0033E937 /* AppDelegate.h */,
				58BDDCDD1BFE6CFA0033E937 /* AppDelegate.m */,
				58BDDCDF1BFE6CFA0033E937 /* ViewController.h */,
				58BDDCE01BFE6CFA0033E937 /* ViewController.m */,
				58BDDCF01BFE6D220033E937 /* Button.h */,
				58BDDCF11BFE6D220033E937 /* Button.m */,
				58BDDCF61BFE848D0033E937 /* Button+Subclassing.h */,
				58BDDCF31BFE7F230033E937 /* RoundedButton.h */,
				58BDDCF41BFE7F230033E937 /* RoundedButton.m */,
				58BDDCE21BFE6CFA0033E937 /* Main.storyboard */,
				58BDDCE51BFE6CFA0033E937 /* Assets.xcassets */,
				58BDDCE71BFE6CFA0033E937 /* LaunchScreen.storyboard */,
				58BDDCEA1BFE6CFA0033E937 /* Info.plist */,
				58BDDCD91BFE6CFA0033E937 /* Supporting Files */,
			);
			path = Button;
			sourceTree = "<group>";
		};
		58BDDCD91BFE6CFA0033E937 /* Supporting Files */ = {
			isa = PBXGroup;
			children = (
				58BDDCDA1BFE6CFA0033E937 /* main.m */,
			);
			name = "Supporting Files";
			sourceTree = "<group>";
		};
/* End PBXGroup section */

/* Begin PBXNativeTarget section */
		58BDDCD51BFE6CFA0033E937 /* Button */ = {
			isa = PBXNativeTarget;
			buildConfigurationList = 58BDDCED1BFE6CFA0033E937 /* Build configuration list for PBXNativeTarget "Button" */;
			buildPhases = (
				58BDDCD21BFE6CFA0033E937 /* Sources */,
				58BDDCD31BFE6CFA0033E937 /* Frameworks */,
				58BDDCD41BFE6CFA0033E937 /* Resources */,
			);
			buildRules = (
			);
			dependencies = (
			);
			name = Button;
			productName = Button;
			productReference = 58BDDCD61BFE6CFA0033E937 /* Button.app */;
			productType = "com.apple.product-type.application";
		};
/* End PBXNativeTarget section */

/* Begin PBXProject section */
		58BDDCCE1BFE6CFA0033E937 /* Project object */ = {
			isa = PBXProject;
			attributes = {
				LastUpgradeCheck = 0710;
				ORGANIZATIONNAME = pronebird;
				TargetAttributes = {
					58BDDCD51BFE6CFA0033E937 = {
						CreatedOnToolsVersion = 7.1.1;
					};
				};
			};
			buildConfigurationList = 58BDDCD11BFE6CFA0033E937 /* Build configuration list for PBXProject "Button" */;
			compatibilityVersion = "Xcode 3.2";
			developmentRegion = English;
			hasScannedForEncodings = 0;
			knownRegions = (
				en,
				Base,
			);
			mainGroup = 58BDDCCD1BFE6CFA0033E937;
			productRefGroup = 58BDDCD71BFE6CFA0033E937 /* Products */;
			projectDirPath = "";
			projectRoot = "";
			targets = (
				58BDDCD51BFE6CFA0033E937 /* Button */,
			);
		};
/* End PBXProject section */

/* Begin PBXResourcesBuildPhase section */
		58BDDCD41BFE6CFA0033E937 /* Resources */ = {
			isa = PBXResourcesBuildPhase;
			buildActionMask = 2147483647;
			files = (
				58BDDCE91BFE6CFA0033E937 /* LaunchScreen.storyboard in Resources */,
				58BDDCE61BFE6CFA0033E937 /* Assets.xcassets in Resources */,
				58BDDCE41BFE6CFA0033E937 /* Main.storyboard in Resources */,
			);
			runOnlyForDeploymentPostprocessing = 0;
		};
/* End PBXResourcesBuildPhase section */

/* Begin PBXSourcesBuildPhase section */
		58BDDCD21BFE6CFA0033E937 /* Sources */ = {
			isa = PBXSourcesBuildPhase;
			buildActionMask = 2147483647;
			files = (
				58BDDCE11BFE6CFA0033E937 /* ViewController.m in Sources */,
				58BDDCDE1BFE6CFA0033E937 /* AppDelegate.m in Sources */,
				58BDDCF51BFE7F230033E937 /* RoundedButton.m in Sources */,
				58BDDCDB1BFE6CFA0033E937 /* main.m in Sources */,
				58BDDCF21BFE6D220033E937 /* Button.m in Sources */,
			);
			runOnlyForDeploymentPostprocessing = 0;
		};
/* End PBXSourcesBuildPhase section */

/* Begin PBXVariantGroup section */
		58BDDCE21BFE6CFA0033E937 /* Main.storyboard */ = {
			isa = PBXVariantGroup;
			children = (
				58BDDCE31BFE6CFA0033E937 /* Base */,
			);
			name = Main.storyboard;
			sourceTree = "<group>";
		};
		58BDDCE71BFE6CFA0033E937 /* LaunchScreen.storyboard */ = {
			isa = PBXVariantGroup;
			children = (
				58BDDCE81BFE6CFA0033E937 /* Base */,
			);
			name = LaunchScreen.storyboard;
			sourceTree = "<group>";
		};
/* End PBXVariantGroup section */

/* Begin XCBuildConfiguration section */
		58BDDCEB1BFE6CFA0033E937 /* Debug */ = {
			isa = XCBuildConfiguration;
			buildSettings = {
				ALWAYS_SEARCH_USER_PATHS = NO;
				CLANG_CXX_LANGUAGE_STANDARD = "gnu++0x";
				CLANG_CXX_LIBRARY = "libc++";
				CLANG_ENABLE_MODULES = YES;
				CLANG_ENABLE_OBJC_ARC = YES;
				CLANG_WARN_BOOL_CONVERSION = YES;
				CLANG_WARN_CONSTANT_CONVERSION = YES;
				CLANG_WARN_DIRECT_OBJC_ISA_USAGE = YES_ERROR;
				CLANG_WARN_EMPTY_BODY = YES;
				CLANG_WARN_ENUM_CONVERSION = YES;
				CLANG_WARN_INT_CONVERSION = YES;
				CLANG_WARN_OBJC_ROOT_CLASS = YES_ERROR;
				CLANG_WARN_UNREACHABLE_CODE = YES;
				CLANG_WARN__DUPLICATE_METHOD_MATCH = YES;
				"CODE_SIGN_IDENTITY[sdk=iphoneos*]" = "iPhone Developer";
				COPY_PHASE_STRIP = NO;
				DEBUG_INFORMATION_FORMAT = dwarf;
				ENABLE_STRICT_OBJC_MSGSEND = YES;
				ENABLE_TESTABILITY = YES;
				GCC_C_LANGUAGE_STANDARD = gnu99;
				GCC_DYNAMIC_NO_PIC = NO;
				GCC_NO_COMMON_BLOCKS = YES;
				GCC_OPTIMIZATION_LEVEL = 0;
				GCC_PREPROCESSOR_DEFINITIONS = (
					"DEBUG=1",
					"$(inherited)",
				);
				GCC_WARN_64_TO_32_BIT_CONVERSION = YES;
				GCC_WARN_ABOUT_RETURN_TYPE = YES_ERROR;
				GCC_WARN_UNDECLARED_SELECTOR = YES;
				GCC_WARN_UNINITIALIZED_AUTOS = YES_AGGRESSIVE;
				GCC_WARN_UNUSED_FUNCTION = YES;
				GCC_WARN_UNUSED_VARIABLE = YES;
				IPHONEOS_DEPLOYMENT_TARGET = 9.1;
				MTL_ENABLE_DEBUG_INFO = YES;
				ONLY_ACTIVE_ARCH = YES;
				SDKROOT = iphoneos;
			};
			name = Debug;
		};
		58BDDCEC1BFE6CFA0033E937 /* Release */ = {
			isa = XCBuildConfiguration;
			buildSettings = {
				ALWAYS_SEARCH_USER_PATHS = NO;
				CLANG_CXX_LANGUAGE_STANDARD = "gnu++0x";
				CLANG_CXX_LIBRARY = "libc++";
				CLANG_ENABLE_MODULES = YES;
				CLANG_ENABLE_OBJC_ARC = YES;
				CLANG_WARN_BOOL_CONVERSION = YES;
				CLANG_WARN_CONSTANT_CONVERSION = YES;
				CLANG_WARN_DIRECT_OBJC_ISA_USAGE = YES_ERROR;
				CLANG_WARN_EMPTY_BODY = YES;
				CLANG_WARN_ENUM_CONVERSION = YES;
				CLANG_WARN_INT_CONVERSION = YES;
				CLANG_WARN_OBJC_ROOT_CLASS = YES_ERROR;
				CLANG_WARN_UNREACHABLE_CODE = YES;
				CLANG_WARN__DUPLICATE_METHOD_MATCH = YES;
				"CODE_SIGN_IDENTITY[sdk=iphoneos*]" = "iPhone Developer";
				COPY_PHASE_STRIP = NO;
				DEBUG_INFORMATION_FORMAT = "dwarf-with-dsym";
				ENABLE_NS_ASSERTIONS = NO;
				ENABLE_STRICT_OBJC_MSGSEND = YES;
				GCC_C_LANGUAGE_STANDARD = gnu99;
				GCC_NO_COMMON_BLOCKS = YES;
				GCC_WARN_64_TO_32_BIT_CONVERSION = YES;
				GCC_WARN_ABOUT_RETURN_TYPE = YES_ERROR;
				GCC_WARN_UNDECLARED_SELECTOR = YES;
				GCC_WARN_UNINITIALIZED_AUTOS = YES_AGGRESSIVE;
				GCC_WARN_UNUSED_FUNCTION = YES;
				GCC_WARN_UNUSED_VARIABLE = YES;
				IPHONEOS_DEPLOYMENT_TARGET = 9.1;
				MTL_ENABLE_DEBUG_INFO = NO;
				SDKROOT = iphoneos;
				VALIDATE_PRODUCT = YES;
			};
			name = Release;
		};
		58BDDCEE1BFE6CFA0033E937 /* Debug */ = {
			isa = XCBuildConfiguration;
			buildSettings = {
				ASSETCATALOG_COMPILER_APPICON_NAME = AppIcon;
				INFOPLIST_FILE = Button/Info.plist;
				LD_RUNPATH_SEARCH_PATHS = "$(inherited) @executable_path/Frameworks";
				PRODUCT_BUNDLE_IDENTIFIER = ru.codeispoetry.Button;
				PRODUCT_NAME = "$(TARGET_NAME)";
			};
			name = Debug;
		};
		58BDDCEF1BFE6CFA0033E937 /* Release */ = {
			isa = XCBuildConfiguration;
			buildSettings = {
				ASSETCATALOG_COMPILER_APPICON_NAME = AppIcon;
				INFOPLIST_FILE = Button/Info.plist;
				LD_RUNPATH_SEARCH_PATHS = "$(inherited) @executable_path/Frameworks";
				PRODUCT_BUNDLE_IDENTIFIER = ru.codeispoetry.Button;
				PRODUCT_NAME = "$(TARGET_NAME)";
			};
			name = Release;
		};
/* End XCBuildConfiguration section */

/* Begin XCConfigurationList section */
		58BDDCD11BFE6CFA0033E937 /* Build configuration list for PBXProject "Button" */ = {
			isa = XCConfigurationList;
			buildConfigurations = (
				58BDDCEB1BFE6CFA0033E937 /* Debug */,
				58BDDCEC1BFE6CFA0033E937 /* Release */,
			);
			defaultConfigurationIsVisible = 0;
			defaultConfigurationName = Release;
		};
		58BDDCED1BFE6CFA0033E937 /* Build configuration list for PBXNativeTarget "Button" */ = {
			isa = XCConfigurationList;
			buildConfigurations = (
				58BDDCEE1BFE6CFA0033E937 /* Debug */,
				58BDDCEF1BFE6CFA0033E937 /* Release */,
			);
			defaultConfigurationIsVisible = 0;
		};
/* End XCConfigurationList section */
	};
	rootObject = 58BDDCCE1BFE6CFA0033E937 /* Project object */;
}
